{
    "_meta": {
        "hash": {
            "sha256": "6075204922dd453280e658f295dafcdee8c898201ec9e80e3d13ce41f331d249"
        },
        "pipfile-spec": 6,
        "requires": {
            "python_version": "3.13"
        },
        "sources": [
            {
                "name": "pypi",
                "url": "https://pypi.org/simple",
                "verify_ssl": true
            }
        ]
    },
    "default": {
        "aiosqlite": {
            "hashes": [
                "sha256:131bb8056daa3bc875608c631c678cda73922a2d4ba8aec373b19f18c17e7aa3",
                "sha256:2549cf4057f95f53dcba16f2b64e8e2791d7e1adedb13197dd8ed77bb226d7d0"
            ],
            "index": "pypi",
            "markers": "python_version >= '3.9'",
            "version": "==0.21.0"
        },
        "aiosqlite3": {
            "hashes": [
                "sha256:11efa1b61bdf621f1ba5568bd4ac7db6387b49cf11f4b99f6aa5e6668591ae85"
            ],
            "index": "pypi",
            "version": "==0.3.0"
        },
        "asgiref": {
            "hashes": [
                "sha256:3e1e3ecc849832fe52ccf2cb6686b7a55f82bb1d6aee72a58826471390335e47",
                "sha256:c343bd80a0bec947a9860adb4c432ffa7db769836c64238fc34bdc3fec84d590"
            ],
            "markers": "python_version >= '3.8'",
            "version": "==3.8.1"
        },
        "certifi": {
            "hashes": [
                "sha256:0a816057ea3cdefcef70270d2c515e4506bbc954f417fa5ade2021213bb8f0c6",
                "sha256:30350364dfe371162649852c63336a15c70c6510c2ad5015b21c2345311805f3"
            ],
            "markers": "python_version >= '3.6'",
            "version": "==2025.4.26"
        },
        "charset-normalizer": {
            "hashes": [
                "sha256:005fa3432484527f9732ebd315da8da8001593e2cf46a3d817669f062c3d9ed4",
                "sha256:046595208aae0120559a67693ecc65dd75d46f7bf687f159127046628178dc45",
                "sha256:0c29de6a1a95f24b9a1aa7aefd27d2487263f00dfd55a77719b530788f75cff7",
                "sha256:0c8c57f84ccfc871a48a47321cfa49ae1df56cd1d965a09abe84066f6853b9c0",
                "sha256:0f5d9ed7f254402c9e7d35d2f5972c9bbea9040e99cd2861bd77dc68263277c7",
                "sha256:18dd2e350387c87dabe711b86f83c9c78af772c748904d372ade190b5c7c9d4d",
                "sha256:1b1bde144d98e446b056ef98e59c256e9294f6b74d7af6846bf5ffdafd687a7d",
                "sha256:1c95a1e2902a8b722868587c0e1184ad5c55631de5afc0eb96bc4b0d738092c0",
                "sha256:1cad5f45b3146325bb38d6855642f6fd609c3f7cad4dbaf75549bf3b904d3184",
                "sha256:21b2899062867b0e1fde9b724f8aecb1af14f2778d69aacd1a5a1853a597a5db",
                "sha256:24498ba8ed6c2e0b56d4acbf83f2d989720a93b41d712ebd4f4979660db4417b",
                "sha256:25a23ea5c7edc53e0f29bae2c44fcb5a1aa10591aae107f2a2b2583a9c5cbc64",
                "sha256:289200a18fa698949d2b39c671c2cc7a24d44096784e76614899a7ccf2574b7b",
                "sha256:28a1005facc94196e1fb3e82a3d442a9d9110b8434fc1ded7a24a2983c9888d8",
                "sha256:32fc0341d72e0f73f80acb0a2c94216bd704f4f0bce10aedea38f30502b271ff",
                "sha256:36b31da18b8890a76ec181c3cf44326bf2c48e36d393ca1b72b3f484113ea344",
                "sha256:3c21d4fca343c805a52c0c78edc01e3477f6dd1ad7c47653241cf2a206d4fc58",
                "sha256:3fddb7e2c84ac87ac3a947cb4e66d143ca5863ef48e4a5ecb83bd48619e4634e",
                "sha256:43e0933a0eff183ee85833f341ec567c0980dae57c464d8a508e1b2ceb336471",
                "sha256:4a476b06fbcf359ad25d34a057b7219281286ae2477cc5ff5e3f70a246971148",
                "sha256:4e594135de17ab3866138f496755f302b72157d115086d100c3f19370839dd3a",
                "sha256:50bf98d5e563b83cc29471fa114366e6806bc06bc7a25fd59641e41445327836",
                "sha256:5a9979887252a82fefd3d3ed2a8e3b937a7a809f65dcb1e068b090e165bbe99e",
                "sha256:5baececa9ecba31eff645232d59845c07aa030f0c81ee70184a90d35099a0e63",
                "sha256:5bf4545e3b962767e5c06fe1738f951f77d27967cb2caa64c28be7c4563e162c",
                "sha256:6333b3aa5a12c26b2a4d4e7335a28f1475e0e5e17d69d55141ee3cab736f66d1",
                "sha256:65c981bdbd3f57670af8b59777cbfae75364b483fa8a9f420f08094531d54a01",
                "sha256:68a328e5f55ec37c57f19ebb1fdc56a248db2e3e9ad769919a58672958e8f366",
                "sha256:6a0289e4589e8bdfef02a80478f1dfcb14f0ab696b5a00e1f4b8a14a307a3c58",
                "sha256:6b66f92b17849b85cad91259efc341dce9c1af48e2173bf38a85c6329f1033e5",
                "sha256:6c9379d65defcab82d07b2a9dfbfc2e95bc8fe0ebb1b176a3190230a3ef0e07c",
                "sha256:6fc1f5b51fa4cecaa18f2bd7a003f3dd039dd615cd69a2afd6d3b19aed6775f2",
                "sha256:70f7172939fdf8790425ba31915bfbe8335030f05b9913d7ae00a87d4395620a",
                "sha256:721c76e84fe669be19c5791da68232ca2e05ba5185575086e384352e2c309597",
                "sha256:7222ffd5e4de8e57e03ce2cef95a4c43c98fcb72ad86909abdfc2c17d227fc1b",
                "sha256:75d10d37a47afee94919c4fab4c22b9bc2a8bf7d4f46f87363bcf0573f3ff4f5",
                "sha256:76af085e67e56c8816c3ccf256ebd136def2ed9654525348cfa744b6802b69eb",
                "sha256:770cab594ecf99ae64c236bc9ee3439c3f46be49796e265ce0cc8bc17b10294f",
                "sha256:7a6ab32f7210554a96cd9e33abe3ddd86732beeafc7a28e9955cdf22ffadbab0",
                "sha256:7c48ed483eb946e6c04ccbe02c6b4d1d48e51944b6db70f697e089c193404941",
                "sha256:7f56930ab0abd1c45cd15be65cc741c28b1c9a34876ce8c17a2fa107810c0af0",
                "sha256:8075c35cd58273fee266c58c0c9b670947c19df5fb98e7b66710e04ad4e9ff86",
                "sha256:8272b73e1c5603666618805fe821edba66892e2870058c94c53147602eab29c7",
                "sha256:82d8fd25b7f4675d0c47cf95b594d4e7b158aca33b76aa63d07186e13c0e0ab7",
                "sha256:844da2b5728b5ce0e32d863af26f32b5ce61bc4273a9c720a9f3aa9df73b1455",
                "sha256:8755483f3c00d6c9a77f490c17e6ab0c8729e39e6390328e42521ef175380ae6",
                "sha256:915f3849a011c1f593ab99092f3cecfcb4d65d8feb4a64cf1bf2d22074dc0ec4",
                "sha256:926ca93accd5d36ccdabd803392ddc3e03e6d4cd1cf17deff3b989ab8e9dbcf0",
                "sha256:982bb1e8b4ffda883b3d0a521e23abcd6fd17418f6d2c4118d257a10199c0ce3",
                "sha256:98f862da73774290f251b9df8d11161b6cf25b599a66baf087c1ffe340e9bfd1",
                "sha256:9cbfacf36cb0ec2897ce0ebc5d08ca44213af24265bd56eca54bee7923c48fd6",
                "sha256:a370b3e078e418187da8c3674eddb9d983ec09445c99a3a263c2011993522981",
                "sha256:a955b438e62efdf7e0b7b52a64dc5c3396e2634baa62471768a64bc2adb73d5c",
                "sha256:aa6af9e7d59f9c12b33ae4e9450619cf2488e2bbe9b44030905877f0b2324980",
                "sha256:aa88ca0b1932e93f2d961bf3addbb2db902198dca337d88c89e1559e066e7645",
                "sha256:aaeeb6a479c7667fbe1099af9617c83aaca22182d6cf8c53966491a0f1b7ffb7",
                "sha256:aaf27faa992bfee0264dc1f03f4c75e9fcdda66a519db6b957a3f826e285cf12",
                "sha256:b2680962a4848b3c4f155dc2ee64505a9c57186d0d56b43123b17ca3de18f0fa",
                "sha256:b2d318c11350e10662026ad0eb71bb51c7812fc8590825304ae0bdd4ac283acd",
                "sha256:b33de11b92e9f75a2b545d6e9b6f37e398d86c3e9e9653c4864eb7e89c5773ef",
                "sha256:b3daeac64d5b371dea99714f08ffc2c208522ec6b06fbc7866a450dd446f5c0f",
                "sha256:be1e352acbe3c78727a16a455126d9ff83ea2dfdcbc83148d2982305a04714c2",
                "sha256:bee093bf902e1d8fc0ac143c88902c3dfc8941f7ea1d6a8dd2bcb786d33db03d",
                "sha256:c72fbbe68c6f32f251bdc08b8611c7b3060612236e960ef848e0a517ddbe76c5",
                "sha256:c9e36a97bee9b86ef9a1cf7bb96747eb7a15c2f22bdb5b516434b00f2a599f02",
                "sha256:cddf7bd982eaa998934a91f69d182aec997c6c468898efe6679af88283b498d3",
                "sha256:cf713fe9a71ef6fd5adf7a79670135081cd4431c2943864757f0fa3a65b1fafd",
                "sha256:d11b54acf878eef558599658b0ffca78138c8c3655cf4f3a4a673c437e67732e",
                "sha256:d41c4d287cfc69060fa91cae9683eacffad989f1a10811995fa309df656ec214",
                "sha256:d524ba3f1581b35c03cb42beebab4a13e6cdad7b36246bd22541fa585a56cccd",
                "sha256:daac4765328a919a805fa5e2720f3e94767abd632ae410a9062dff5412bae65a",
                "sha256:db4c7bf0e07fc3b7d89ac2a5880a6a8062056801b83ff56d8464b70f65482b6c",
                "sha256:dc7039885fa1baf9be153a0626e337aa7ec8bf96b0128605fb0d77788ddc1681",
                "sha256:dccab8d5fa1ef9bfba0590ecf4d46df048d18ffe3eec01eeb73a42e0d9e7a8ba",
                "sha256:dedb8adb91d11846ee08bec4c8236c8549ac721c245678282dcb06b221aab59f",
                "sha256:e45ba65510e2647721e35323d6ef54c7974959f6081b58d4ef5d87c60c84919a",
                "sha256:e53efc7c7cee4c1e70661e2e112ca46a575f90ed9ae3fef200f2a25e954f4b28",
                "sha256:e635b87f01ebc977342e2697d05b56632f5f879a4f15955dfe8cef2448b51691",
                "sha256:e70e990b2137b29dc5564715de1e12701815dacc1d056308e2b17e9095372a82",
                "sha256:e8082b26888e2f8b36a042a58307d5b917ef2b1cacab921ad3323ef91901c71a",
                "sha256:e8323a9b031aa0393768b87f04b4164a40037fb2a3c11ac06a03ffecd3618027",
                "sha256:e92fca20c46e9f5e1bb485887d074918b13543b1c2a1185e69bb8d17ab6236a7",
                "sha256:eb30abc20df9ab0814b5a2524f23d75dcf83cde762c161917a2b4b7b55b1e518",
                "sha256:eba9904b0f38a143592d9fc0e19e2df0fa2e41c3c3745554761c5f6447eedabf",
                "sha256:ef8de666d6179b009dce7bcb2ad4c4a779f113f12caf8dc77f0162c29d20490b",
                "sha256:efd387a49825780ff861998cd959767800d54f8308936b21025326de4b5a42b9",
                "sha256:f0aa37f3c979cf2546b73e8222bbfa3dc07a641585340179d768068e3455e544",
                "sha256:f4074c5a429281bf056ddd4c5d3b740ebca4d43ffffe2ef4bf4d2d05114299da",
                "sha256:f69a27e45c43520f5487f27627059b64aaf160415589230992cec34c5e18a509",
                "sha256:fb707f3e15060adf5b7ada797624a6c6e0138e2a26baa089df64c68ee98e040f",
                "sha256:fcbe676a55d7445b22c10967bceaaf0ee69407fbe0ece4d032b6eb8d4565982a",
                "sha256:fdb20a30fe1175ecabed17cbf7812f7b804b8a315a25f24678bcdf120a90077f"
            ],
            "markers": "python_version >= '3.7'",
            "version": "==3.4.2"
        },
        "defusedxml": {
            "hashes": [
                "sha256:1bb3032db185915b62d7c6209c5a8792be6a32ab2fedacc84e01b52c51aa3e69",
                "sha256:a352e7e428770286cc899e2542b6cdaedb2b4953ff269a210103ec58f6198a61"
            ],
            "markers": "python_version >= '2.7' and python_version not in '3.0, 3.1, 3.2, 3.3, 3.4'",
            "version": "==0.7.1"
        },
        "distlib": {
            "hashes": [
                "sha256:47f8c22fd27c27e25a65601af709b38e4f0a45ea4fc2e710f65755fa8caaaf87",
                "sha256:a60f20dea646b8a33f3e7772f74dc0b2d0772d2837ee1342a00645c81edf9403"
            ],
            "version": "==0.3.9"
        },
        "django": {
            "hashes": [
                "sha256:85852e517f84435e9b13421379cd6c43ef5b48a9c8b391d29a26f7900967e952",
                "sha256:997ef2162d04ead6869551b22cde4e06da1f94cf595f4af3f3d3afeae1f3f6fe"
            ],
            "index": "pypi",
            "markers": "python_version >= '3.10'",
            "version": "==5.2.2"
        },
        "django-rest-framework-nested": {
            "hashes": [
                "sha256:e4860852c53a214cf6137a6162be8e2b3c9675e21ecaf20e4b544b3478235aae"
            ],
            "index": "pypi",
            "version": "==0.0.1"
        },
        "djangorestframework": {
            "hashes": [
                "sha256:bea7e9f6b96a8584c5224bfb2e4348dfb3f8b5e34edbecb98da258e892089361",
                "sha256:f022ff46613584de994c0c6a4aebbace5fd700555fbe9d33b865ebf173eba6c9"
            ],
            "index": "pypi",
            "markers": "python_version >= '3.9'",
            "version": "==3.16.0"
        },
        "djangorestframework-simplejwt": {
            "hashes": [
                "sha256:474a1b737067e6462b3609627a392d13a4da8a08b1f0574104ac6d7b1406f90e",
                "sha256:4ef6b38af20cdde4a4a51d1fd8e063cbbabb7b45f149cc885d38d905c5a62edb"
            ],
            "index": "pypi",
            "markers": "python_version >= '3.9'",
            "version": "==5.5.0"
        },
        "dotenv": {
            "hashes": [
                "sha256:29cf74a087b31dafdb5a446b6d7e11cbce8ed2741540e2339c69fbef92c94ce9"
            ],
            "index": "pypi",
            "version": "==0.9.9"
        },
        "filelock": {
            "hashes": [
                "sha256:adbc88eabb99d2fec8c9c1b229b171f18afa655400173ddc653d5d01501fb9f2",
                "sha256:c401f4f8377c4464e6db25fff06205fd89bdd83b65eb0488ed1b160f780e21de"
            ],
            "markers": "python_version >= '3.9'",
            "version": "==3.18.0"
        },
        "httpie": {
            "hashes": [
                "sha256:302ad436c3dc14fd0d1b19d4572ef8d62b146bcd94b505f3c2521f701e2e7a2a",
                "sha256:4bd0435cc4b9bca59501bc65089de96f3e93b393803f32a81951db62050ebf0b"
            ],
            "index": "pypi",
            "markers": "python_version >= '3.7'",
            "version": "==3.2.4"
        },
        "idna": {
            "hashes": [
                "sha256:12f65c9b470abda6dc35cf8e63cc574b1c52b11df2c86030af0ac09b01b13ea9",
                "sha256:946d195a0d259cbba61165e88e65941f16e9b36ea6ddb97f00452bae8b1287d3"
            ],
            "markers": "python_version >= '3.6'",
            "version": "==3.10"
        },
        "iniconfig": {
            "hashes": [
                "sha256:3abbd2e30b36733fee78f9c7f7308f2d0050e88f0087fd25c2645f63c773e1c7",
                "sha256:9deba5723312380e77435581c6bf4935c94cbfab9b1ed33ef8d238ea168eb760"
            ],
            "markers": "python_version >= '3.8'",
            "version": "==2.1.0"
        },
        "markdown-it-py": {
            "hashes": [
                "sha256:355216845c60bd96232cd8d8c40e8f9765cc86f46880e43a8fd22dc1a1a8cab1",
                "sha256:e3f60a94fa066dc52ec76661e37c851cb232d92f9886b15cb560aaada2df8feb"
            ],
            "markers": "python_version >= '3.8'",
            "version": "==3.0.0"
        },
        "mdurl": {
            "hashes": [
                "sha256:84008a41e51615a49fc9966191ff91509e3c40b939176e643fd50a5c2196b8f8",
                "sha256:bb413d29f5eea38f31dd4754dd7377d4465116fb207585f97bf925588687c1ba"
            ],
            "markers": "python_version >= '3.7'",
            "version": "==0.1.2"
        },
        "multidict": {
            "hashes": [
                "sha256:0327ad2c747a6600e4797d115d3c38a220fdb28e54983abe8964fd17e95ae83c",
                "sha256:058cc59b9e9b143cc56715e59e22941a5d868c322242278d28123a5d09cdf6b0",
                "sha256:0d2b9712211b860d123815a80b859075d86a4d54787e247d7fbee9db6832cf1c",
                "sha256:0e05c39962baa0bb19a6b210e9b1422c35c093b651d64246b6c2e1a7e242d9fd",
                "sha256:0f14ea68d29b43a9bf37953881b1e3eb75b2739e896ba4a6aa4ad4c5b9ffa145",
                "sha256:169c4ba7858176b797fe551d6e99040c531c775d2d57b31bcf4de6d7a669847f",
                "sha256:19d08b4f22eae45bb018b9f06e2838c1e4b853c67628ef8ae126d99de0da6395",
                "sha256:1d0121ccce8c812047d8d43d691a1ad7641f72c4f730474878a5aeae1b8ead8c",
                "sha256:232b7237e57ec3c09be97206bfb83a0aa1c5d7d377faa019c68a210fa35831f1",
                "sha256:2e543a40e4946cf70a88a3be87837a3ae0aebd9058ba49e91cacb0b2cd631e2b",
                "sha256:329ae97fc2f56f44d91bc47fe0972b1f52d21c4b7a2ac97040da02577e2daca2",
                "sha256:3312f63261b9df49be9d57aaa6abf53a6ad96d93b24f9cc16cf979956355ce6e",
                "sha256:33a12ebac9f380714c298cbfd3e5b9c0c4e89c75fe612ae496512ee51028915f",
                "sha256:343892a27d1a04d6ae455ecece12904d242d299ada01633d94c4f431d68a8c49",
                "sha256:3e9f1cd61a0ab857154205fb0b1f3d3ace88d27ebd1409ab7af5096e409614cd",
                "sha256:3ef4e9096ff86dfdcbd4a78253090ba13b1d183daa11b973e842465d94ae1772",
                "sha256:4219390fb5bf8e548e77b428bb36a21d9382960db5321b74d9d9987148074d6b",
                "sha256:496bcf01c76a70a31c3d746fd39383aad8d685ce6331e4c709e9af4ced5fa221",
                "sha256:49a29d7133b1fc214e818bbe025a77cc6025ed9a4f407d2850373ddde07fd04a",
                "sha256:4d7b50b673ffb4ff4366e7ab43cf1f0aef4bd3608735c5fbdf0bdb6f690da411",
                "sha256:4efc31dfef8c4eeb95b6b17d799eedad88c4902daba39ce637e23a17ea078915",
                "sha256:4f5f29794ac0e73d2a06ac03fd18870adc0135a9d384f4a306a951188ed02f95",
                "sha256:4ffc3c6a37e048b5395ee235e4a2a0d639c2349dffa32d9367a42fc20d399772",
                "sha256:50855d03e9e4d66eab6947ba688ffb714616f985838077bc4b490e769e48da51",
                "sha256:51d662c072579f63137919d7bb8fc250655ce79f00c82ecf11cab678f335062e",
                "sha256:530d86827a2df6504526106b4c104ba19044594f8722d3e87714e847c74a0275",
                "sha256:5363f9b2a7f3910e5c87d8b1855c478c05a2dc559ac57308117424dfaad6805c",
                "sha256:55ae0721c1513e5e3210bca4fc98456b980b0c2c016679d3d723119b6b202c42",
                "sha256:5883d6ee0fd9d8a48e9174df47540b7545909841ac82354c7ae4cbe9952603bd",
                "sha256:5bce06b83be23225be1905dcdb6b789064fae92499fbc458f59a8c0e68718601",
                "sha256:5e0ba18a9afd495f17c351d08ebbc4284e9c9f7971d715f196b79636a4d0de44",
                "sha256:5e2bcda30d5009996ff439e02a9f2b5c3d64a20151d34898c000a6281faa3781",
                "sha256:603f39bd1cf85705c6c1ba59644b480dfe495e6ee2b877908de93322705ad7cf",
                "sha256:60d849912350da557fe7de20aa8cf394aada6980d0052cc829eeda4a0db1c1db",
                "sha256:622f26ea6a7e19b7c48dd9228071f571b2fbbd57a8cd71c061e848f281550e6b",
                "sha256:632a3bf8f1787f7ef7d3c2f68a7bde5be2f702906f8b5842ad6da9d974d0aab3",
                "sha256:66ed0731f8e5dfd8369a883b6e564aca085fb9289aacabd9decd70568b9a30de",
                "sha256:69133376bc9a03f8c47343d33f91f74a99c339e8b58cea90433d8e24bb298031",
                "sha256:69ee9e6ba214b5245031b76233dd95408a0fd57fdb019ddcc1ead4790932a8e8",
                "sha256:6a2f58a66fe2c22615ad26156354005391e26a2f3721c3621504cd87c1ea87bf",
                "sha256:6a602151dbf177be2450ef38966f4be3467d41a86c6a845070d12e17c858a156",
                "sha256:6ed5ae5605d4ad5a049fad2a28bb7193400700ce2f4ae484ab702d1e3749c3f9",
                "sha256:73484a94f55359780c0f458bbd3c39cb9cf9c182552177d2136e828269dee529",
                "sha256:75493f28dbadecdbb59130e74fe935288813301a8554dc32f0c631b6bdcdf8b0",
                "sha256:7cf3bd54c56aa16fdb40028d545eaa8d051402b61533c21e84046e05513d5780",
                "sha256:7e23f2f841fcb3ebd4724a40032d32e0892fbba4143e43d2a9e7695c5e50e6bd",
                "sha256:7f3d3b3c34867579ea47cbd6c1f2ce23fbfd20a273b6f9e3177e256584f1eacc",
                "sha256:82ffabefc8d84c2742ad19c37f02cde5ec2a1ee172d19944d380f920a340e4b9",
                "sha256:83ec4967114295b8afd120a8eec579920c882831a3e4c3331d591a8e5bfbbc0f",
                "sha256:87a728af265e08f96b6318ebe3c0f68b9335131f461efab2fc64cc84a44aa6ed",
                "sha256:87cb72263946b301570b0f63855569a24ee8758aaae2cd182aae7d95fbc92ca7",
                "sha256:8adee3ac041145ffe4488ea73fa0a622b464cc25340d98be76924d0cda8545ff",
                "sha256:8cc403092a49509e8ef2d2fd636a8ecefc4698cc57bbe894606b14579bc2a955",
                "sha256:8cd8f81f1310182362fb0c7898145ea9c9b08a71081c5963b40ee3e3cac589b1",
                "sha256:8ffb40b74400e4455785c2fa37eba434269149ec525fc8329858c862e4b35373",
                "sha256:93ec84488a384cd7b8a29c2c7f467137d8a73f6fe38bb810ecf29d1ade011a7c",
                "sha256:941f1bec2f5dbd51feeb40aea654c2747f811ab01bdd3422a48a4e4576b7d76a",
                "sha256:98af87593a666f739d9dba5d0ae86e01b0e1a9cfcd2e30d2d361fbbbd1a9162d",
                "sha256:995f985e2e268deaf17867801b859a282e0448633f1310e3704b30616d269d69",
                "sha256:9abcf56a9511653fa1d052bfc55fbe53dbee8f34e68bd6a5a038731b0ca42d15",
                "sha256:9bbf7bd39822fd07e3609b6b4467af4c404dd2b88ee314837ad1830a7f4a8299",
                "sha256:9c17341ee04545fd962ae07330cb5a39977294c883485c8d74634669b1f7fe04",
                "sha256:9f193eeda1857f8e8d3079a4abd258f42ef4a4bc87388452ed1e1c4d2b0c8740",
                "sha256:9faf1b1dcaadf9f900d23a0e6d6c8eadd6a95795a0e57fcca73acce0eb912065",
                "sha256:9fcad2945b1b91c29ef2b4050f590bfcb68d8ac8e0995a74e659aa57e8d78e01",
                "sha256:a145c550900deb7540973c5cdb183b0d24bed6b80bf7bddf33ed8f569082535e",
                "sha256:a4d1cb1327c6082c4fce4e2a438483390964c02213bc6b8d782cf782c9b1471f",
                "sha256:a887b77f51d3d41e6e1a63cf3bc7ddf24de5939d9ff69441387dfefa58ac2e26",
                "sha256:a920f9cf2abdf6e493c519492d892c362007f113c94da4c239ae88429835bad1",
                "sha256:aff4cafea2d120327d55eadd6b7f1136a8e5a0ecf6fb3b6863e8aca32cd8e50a",
                "sha256:b0f1987787f5f1e2076b59692352ab29a955b09ccc433c1f6b8e8e18666f608b",
                "sha256:b308402608493638763abc95f9dc0030bbd6ac6aff784512e8ac3da73a88af08",
                "sha256:b61e98c3e2a861035aaccd207da585bdcacef65fe01d7a0d07478efac005e028",
                "sha256:b9eb4c59c54421a32b3273d4239865cb14ead53a606db066d7130ac80cc8ec93",
                "sha256:ba852168d814b2c73333073e1c7116d9395bea69575a01b0b3c89d2d5a87c8fb",
                "sha256:bb5ac9e5bfce0e6282e7f59ff7b7b9a74aa8e5c60d38186a4637f5aa764046ad",
                "sha256:bb61ffd3ab8310d93427e460f565322c44ef12769f51f77277b4abad7b6f7223",
                "sha256:bbfcb60396f9bcfa63e017a180c3105b8c123a63e9d1428a36544e7d37ca9e20",
                "sha256:bd4557071b561a8b3b6075c3ce93cf9bfb6182cb241805c3d66ced3b75eff4ac",
                "sha256:be06e73c06415199200e9a2324a11252a3d62030319919cde5e6950ffeccf72e",
                "sha256:c04157266344158ebd57b7120d9b0b35812285d26d0e78193e17ef57bfe2979a",
                "sha256:c10d17371bff801af0daf8b073c30b6cf14215784dc08cd5c43ab5b7b8029bbc",
                "sha256:c27e5dcf520923d6474d98b96749e6805f7677e93aaaf62656005b8643f907ab",
                "sha256:c93a6fb06cc8e5d3628b2b5fda215a5db01e8f08fc15fadd65662d9b857acbe4",
                "sha256:cbebaa076aaecad3d4bb4c008ecc73b09274c952cf6a1b78ccfd689e51f5a5b0",
                "sha256:cc5d83c6619ca5c9672cb78b39ed8542f1975a803dee2cda114ff73cbb076edd",
                "sha256:d1a20707492db9719a05fc62ee215fd2c29b22b47c1b1ba347f9abc831e26683",
                "sha256:d1f7cbd4f1f44ddf5fd86a8675b7679176eae770f2fc88115d6dddb6cefb59bc",
                "sha256:d21c1212171cf7da703c5b0b7a0e85be23b720818aef502ad187d627316d5645",
                "sha256:d2fa86af59f8fc1972e121ade052145f6da22758f6996a197d69bb52f8204e7e",
                "sha256:d5b1cc3ab8c31d9ebf0faa6e3540fb91257590da330ffe6d2393d4208e638925",
                "sha256:d693307856d1ef08041e8b6ff01d5b4618715007d288490ce2c7e29013c12b9a",
                "sha256:d6b15c55721b1b115c5ba178c77104123745b1417527ad9641a4c5e2047450f0",
                "sha256:d832c608f94b9f92a0ec8b7e949be7792a642b6e535fcf32f3e28fab69eeb046",
                "sha256:d83f18315b9fca5db2452d1881ef20f79593c4aa824095b62cb280019ef7aa3d",
                "sha256:d877447e7368c7320832acb7159557e49b21ea10ffeb135c1077dbbc0816b598",
                "sha256:dc388f75a1c00000824bf28b7633e40854f4127ede80512b44c3cfeeea1839a2",
                "sha256:dc8c9736d8574b560634775ac0def6bdc1661fc63fa27ffdfc7264c565bcb4f2",
                "sha256:e32053d6d3a8b0dfe49fde05b496731a0e6099a4df92154641c00aa76786aef5",
                "sha256:e5f8a146184da7ea12910a4cec51ef85e44f6268467fb489c3caf0cd512f29c2",
                "sha256:ecde56ea2439b96ed8a8d826b50c57364612ddac0438c39e473fafad7ae1c23b",
                "sha256:f682c42003c7264134bfe886376299db4cc0c6cd06a3295b41b347044bcb5482",
                "sha256:fad6daaed41021934917f4fb03ca2db8d8a4d79bf89b17ebe77228eb6710c003",
                "sha256:fc60f91c02e11dfbe3ff4e1219c085695c339af72d1641800fe6075b91850c8f"
            ],
            "markers": "python_version >= '3.9'",
            "version": "==6.4.4"
        },
        "mysql-connector-python": {
            "hashes": [
                "sha256:0aedee809e1f8dbab6b2732f51ee1619b54a56d15b9070655bc31fb822c1a015",
                "sha256:1916256ecd039f4673715550d28138416bac5962335e06d36f7434c47feb5232",
                "sha256:2589af070babdff9c920ee37f929218d80afa704f4e2a99f1ddcb13d19de4450",
                "sha256:2a5de57814217077a8672063167b616b1034a37b614b93abcb602cc0b8c6fade",
                "sha256:3853799f4b719357ea25eba05f5f278a158a85a5c8209b3d058947a948bc9262",
                "sha256:4364d3a37c449f1c0bb9e52fd4eddc620126b9897b6b9f2fd1b3f33dacc16356",
                "sha256:495798dd34445d749991fb3a2aa87b4205100676939556d8d4aab5d5558e7a1f",
                "sha256:5508ff6b79d8d46b15791401784a1b5abd10c8e05aec2684c4a50e92c5893cd2",
                "sha256:55d4a8ace6f97d58d9318d1250d903b0d3b100a6b798442a99c4ac966b974d12",
                "sha256:66d48ec0ee903a84bcaf5d4d1901ed536fdd90ce6ecae0686f094b4530faf545",
                "sha256:8ab7719d614cf5463521082fab86afc21ada504b538166090e00eeaa1ff729bc",
                "sha256:8b16d51447e3603f18478fb5a19b333bfb73fb58f872eb055a105635f53d2345",
                "sha256:8c79b500f1f9f12761426199d0498309ee5d20c94ed94fc8ae356679667f8181",
                "sha256:9516a4cdbaee3c9200f0e7d9aafb31057692f45c202cdcb43a3f9b37c94e7c84",
                "sha256:9c898c5f3e34314ed825f2ffdd52d674e03d59c45d02ac8083a8ec5173c1e0f8",
                "sha256:9cc8d3c2f45d16b064b0063db857f8a7187b8659253dd32e3f19df1bf1d55ea0",
                "sha256:ac70a7128f7e690dc0f4376be8366c7e5c8fa47a785232b8abba948576f016ff",
                "sha256:be0ef15f6023ae2037347498f005a4471f694f8a6b8384c3194895e153120286",
                "sha256:cb72fcda90b616f0b2d3dae257441e06e8896b2780c3dddc6a65275ec1408d9a",
                "sha256:d33e2f88e1d4b15844cfed2bb6e90612525ba2c1af2fb10b4a25b2c89a1fe49a",
                "sha256:d47a0d5b2b9b02f06647d5d7bbb19e237f234d6be91d0e0c935629faacf0797f",
                "sha256:d87c9e8b5aa9a16cefebe017ee45ddfbad53e668f94d01fe2e055bb8daab9353",
                "sha256:e24be22a5d96f3535afa5dd331166b02bf72655ea6ed6a2a0eb548c313548788",
                "sha256:e8b0131006608e533b8eab20078f9e65486068c984ed3efd28413d350d241f44",
                "sha256:ee1a901c287471013570e29cdf5ca7159898af31cf3a582180eadd41c96b42c9",
                "sha256:f10fe89397e8da81026d8143e17fc5c12ae5e66e51753a0f49e1db179c4f7113",
                "sha256:f979e712187796ad57cd0bef76666dd48ed4887104775833c9489ea837144ad8"
            ],
            "index": "pypi",
            "markers": "python_version >= '3.9'",
            "version": "==9.3.0"
        },
        "nose": {
            "hashes": [
                "sha256:9ff7c6cc443f8c51994b34a667bbcf45afd6d945be7477b52e97516fd17c53ac",
                "sha256:dadcddc0aefbf99eea214e0f1232b94f2fa9bd98fa8353711dacb112bfcbbb2a",
                "sha256:f1bffef9cbc82628f6e7d7b40d7e255aefaa1adb6a1b1d26c69a8b79e6208a98"
            ],
            "index": "pypi",
            "version": "==1.3.7"
        },
        "packaging": {
            "hashes": [
                "sha256:29572ef2b1f17581046b3a2227d5c611fb25ec70ca1ba8554b24b0e69331a484",
                "sha256:d443872c98d677bf60f6a1f2f8c1cb748e8fe762d2bf9d3148b5599295b0fc4f"
            ],
            "markers": "python_version >= '3.8'",
            "version": "==25.0"
        },
        "parameterized": {
            "hashes": [
                "sha256:4e0758e3d41bea3bbd05ec14fc2c24736723f243b28d702081aef438c9372b1b",
                "sha256:7fc905272cefa4f364c1a3429cbbe9c0f98b793988efb5bf90aac80f08db09b1"
            ],
            "index": "pypi",
            "markers": "python_version >= '3.7'",
            "version": "==0.9.0"
        },
        "pip": {
            "hashes": [
                "sha256:2913a38a2abf4ea6b64ab507bd9e967f3b53dc1ede74b01b0931e1ce548751af",
                "sha256:3de45d411d308d5054c2168185d8da7f9a2cd753dbac8acbfa88a8909ecd9077"
            ],
            "markers": "python_version >= '3.9'",
            "version": "==25.1.1"
        },
        "pipenv": {
            "hashes": [
                "sha256:87370bedcf0ff66d226af07ca341ae94afcc08fed90d57ad9fea9ffd44ced4d3",
                "sha256:f0a67aa928824e61003d52acea72a94b180800019f03d38a311966f6330bc8d1"
            ],
            "index": "pypi",
            "markers": "python_version >= '3.9'",
            "version": "==2025.0.3"
        },
        "platformdirs": {
            "hashes": [
                "sha256:3d512d96e16bcb959a814c9f348431070822a6496326a4be0911c40b5a74c2bc",
                "sha256:ff7059bb7eb1179e2685604f4aaf157cfd9535242bd23742eadc3c13542139b4"
            ],
            "markers": "python_version >= '3.9'",
            "version": "==4.3.8"
        },
        "pluggy": {
            "hashes": [
                "sha256:7dcc130b76258d33b90f61b658791dede3486c3e6bfb003ee5c9bfb396dd22f3",
                "sha256:e920276dd6813095e9377c0bc5566d94c932c33b27a3e3945d8389c374dd4746"
            ],
            "markers": "python_version >= '3.9'",
            "version": "==1.6.0"
        },
        "pycodestyle": {
            "hashes": [
                "sha256:35863c5974a271c7a726ed228a14a4f6daf49df369d8c50cd9a6f58a5e143ba9",
                "sha256:c8415bf09abe81d9c7f872502a6eee881fbe85d8763dd5b9924bb0a01d67efae"
            ],
            "index": "pypi",
            "markers": "python_version >= '3.9'",
            "version": "==2.13.0"
        },
        "pygments": {
            "hashes": [
                "sha256:61c16d2a8576dc0649d9f39e089b5f02bcd27fba10d8fb4dcc28173f7a45151f",
                "sha256:9ea1544ad55cecf4b8242fab6dd35a93bbce657034b0611ee383099054ab6d8c"
            ],
            "index": "pypi",
            "markers": "python_version >= '3.8'",
            "version": "==2.19.1"
        },
        "pyjwt": {
            "hashes": [
                "sha256:3b02fb0f44517787776cf48f2ae25d8e14f300e6d7545a4315cee571a415e850",
                "sha256:7e1e5b56cc735432a7369cbfa0efe50fa113ebecdc04ae6922deba8b84582d0c"
            ],
            "markers": "python_version >= '3.8'",
            "version": "==2.9.0"
        },
        "pysocks": {
            "hashes": [
                "sha256:08e69f092cc6dbe92a0fdd16eeb9b9ffbc13cadfe5ca4c7bd92ffb078b293299",
                "sha256:2725bd0a9925919b9b51739eea5f9e2bae91e83288108a9ad338b2e3a4435ee5",
                "sha256:3f8804571ebe159c380ac6de37643bb4685970655d3bba243530d6558b799aa0"
            ],
            "markers": "python_version >= '2.7' and python_version not in '3.0, 3.1, 3.2, 3.3'",
            "version": "==1.7.1"
        },
        "pytest": {
            "hashes": [
                "sha256:14d920b48472ea0dbf68e45b96cd1ffda4705f33307dcc86c676c1b5104838a6",
                "sha256:f40f825768ad76c0977cbacdf1fd37c6f7a468e460ea6a0636078f8972d4517e"
            ],
            "index": "pypi",
            "markers": "python_version >= '3.9'",
            "version": "==8.4.0"
        },
        "python-dotenv": {
            "hashes": [
                "sha256:41f90bc6f5f177fb41f53e87666db362025010eb28f60a01c9143bfa33a2b2d5",
                "sha256:d7c01d9e2293916c18baf562d95698754b0dbbb5e74d457c45d4f6561fb9d55d"
            ],
            "index": "pypi",
            "markers": "python_version >= '3.9'",
            "version": "==1.1.0"
        },
        "requests": {
            "extras": [
                "socks"
            ],
            "hashes": [
                "sha256:55365417734eb18255590a9ff9eb97e9e1da868d4ccd6402399eaf68af20a760",
                "sha256:70761cfe03c773ceb22aa2f671b4757976145175cdfca038c02654d061d6dcc6"
            ],
            "index": "pypi",
            "markers": "python_version >= '3.8'",
            "version": "==2.32.3"
        },
        "requests-toolbelt": {
            "hashes": [
                "sha256:7681a0a3d047012b5bdc0ee37d7f8f07ebe76ab08caeccfc3921ce23c88d5bc6",
                "sha256:cccfdd665f0a24fcf4726e690f65639d272bb0637b9b92dfd91a5568ccf6bd06"
            ],
            "markers": "python_version >= '2.7' and python_version not in '3.0, 3.1, 3.2, 3.3'",
            "version": "==1.0.0"
        },
        "rich": {
            "hashes": [
                "sha256:1c9491e1951aac09caffd42f448ee3d04e58923ffe14993f6e83068dc395d7e0",
                "sha256:82f1bc23a6a21ebca4ae0c45af9bdbc492ed20231dcb63f297d6d1021a9d5725"
            ],
            "markers": "python_full_version >= '3.8.0'",
            "version": "==14.0.0"
        },
        "ruff": {
            "hashes": [
                "sha256:1808b3ed53e1a777c2ef733aca9051dc9bf7c99b26ece15cb59a0320fbdbd629",
                "sha256:26816a218ca6ef02142343fd24c70f7cd8c5aa6c203bca284407adf675984432",
                "sha256:26fa247dc68d1d4e72c179e08889a25ac0c7ba4d78aecfc835d49cbfd60bf514",
                "sha256:29c3189895a8a6a657b7af4e97d330c8a3afd2c9c8f46c81e2fc5a31866517e3",
                "sha256:4a9ddd3ec62a9a89578c85842b836e4ac832d4a2e0bfaad3b02243f930ceafcc",
                "sha256:4bdfbf1240533f40042ec00c9e09a3aade6f8c10b6414cf11b519488d2635d46",
                "sha256:4ffbc82d70424b275b089166310448051afdc6e914fdab90e08df66c43bb5ca9",
                "sha256:51c3f95abd9331dc5b87c47ac7f376db5616041173826dfd556cfe3d4977f492",
                "sha256:53b15a9dfdce029c842e9a5aebc3855e9ab7771395979ff85b7c1dedb53ddc2b",
                "sha256:55e4bc3a77842da33c16d55b32c6cac1ec5fb0fbec9c8c513bdce76c4f922165",
                "sha256:633bf2c6f35678c56ec73189ba6fa19ff1c5e4807a78bf60ef487b9dd272cc71",
                "sha256:6c51f93029d54a910d3d24f7dd0bb909e31b6cd989a5e4ac513f4eb41629f0dc",
                "sha256:96c27935418e4e8e77a26bb05962817f28b8ef3843a6c6cc49d8783b5507f250",
                "sha256:ab153241400789138d13f362c43f7edecc0edfffce2afa6a68434000ecd8f69a",
                "sha256:aef9c9ed1b5ca28bb15c7eac83b8670cf3b20b478195bd49c8d756ba0a36cf48",
                "sha256:b4385285e9179d608ff1d2fb9922062663c658605819a6876d8beef0c30b7f3b",
                "sha256:d237a496e0778d719efb05058c64d28b757c77824e04ffe8796c7436e26712b7",
                "sha256:d28ce58b5ecf0f43c1b71edffabe6ed7f245d5336b17805803312ec9bc665933"
            ],
            "index": "pypi",
            "markers": "python_version >= '3.7'",
            "version": "==0.11.13"
        },
        "setuptools": {
            "hashes": [
                "sha256:062d34222ad13e0cc312a4c02d73f059e86a4acbfbdea8f8f76b28c99f306922",
                "sha256:f36b47402ecde768dbfafc46e8e4207b4360c654f1f3bb84475f0a28628fb19c"
            ],
            "markers": "python_version >= '3.9'",
            "version": "==80.9.0"
        },
        "sqlparse": {
            "hashes": [
                "sha256:09f67787f56a0b16ecdbde1bfc7f5d9c3371ca683cfeaa8e6ff60b4807ec9272",
                "sha256:cf2196ed3418f3ba5de6af7e82c694a9fbdbfecccdfc72e281548517081f16ca"
            ],
            "markers": "python_version >= '3.8'",
            "version": "==0.5.3"
        },
        "typing-extensions": {
            "hashes": [
                "sha256:8676b788e32f02ab42d9e7c61324048ae4c6d844a399eebace3d4979d75ceef4",
                "sha256:a1514509136dd0b477638fc68d6a91497af5076466ad0fa6c338e44e359944af"
            ],
            "markers": "python_version >= '3.9'",
            "version": "==4.14.0"
        },
        "urllib3": {
            "hashes": [
                "sha256:414bc6535b787febd7567804cc015fee39daab8ad86268f1310a9250697de466",
                "sha256:4e16665048960a0900c702d4a66415956a584919c03361cac9f1df5c5dd7e813"
            ],
            "markers": "python_version >= '3.9'",
            "version": "==2.4.0"
        },
        "virtualenv": {
            "hashes": [
                "sha256:36efd0d9650ee985f0cad72065001e66d49a6f24eb44d98980f630686243cf11",
                "sha256:e10c0a9d02835e592521be48b332b6caee6887f332c111aa79a09b9e79efc2af"
            ],
            "markers": "python_version >= '3.8'",
            "version": "==20.31.2"
        }
    },
    "develop": {}
}
